<Solution>
  <Configurations>
    <BuildType Name="Debug-Web" />
    <BuildType Name="Debug-Windows" />
    <BuildType Name="Release-Windows" />
  </Configurations>
  <Project Path="Desktop/Desktop.csproj" />
  <Project Path="ExampleModule/ExampleModule.csproj" />
  <Project Path="ModuleBase/ModuleBase.csproj">
    <Configuration Solution="Debug-Windows|Any CPU" Project="Debug|Any CPU" />
  </Project>
</Solution>